
Microsoft Visual Studio Solution File, Format Version 12.00
# Visual Studio 14
VisualStudioVersion = 14.0.23107.0
MinimumVisualStudioVersion = 10.0.40219.1
Project("{FAE04EC0-301F-11D3-BF4B-00C04F79EFBC}") = "Visitor", "Visitor\Visitor.csproj", "{CA362FCF-70EE-4CA0-9AE9-83CF432A8B1A}"
EndProject
Project("{2150E333-8FDC-42A3-9474-1A3956D46DE8}") = "Behavioral", "Behavioral", "{72380AAC-F8F9-457A-8107-DE9151AC072E}"
EndProject
Project("{2150E333-8FDC-42A3-9474-1A3956D46DE8}") = "Structural", "Structural", "{80802146-6077-4D73-B868-E2616E9DFF36}"
EndProject
Project("{2150E333-8FDC-42A3-9474-1A3956D46DE8}") = "Creational", "Creational", "{8E5B5B6E-BCB2-4269-A535-9D5161451E15}"
EndProject
Project("{FAE04EC0-301F-11D3-BF4B-00C04F79EFBC}") = "TemplateMethod", "TemplatedMethod\TemplateMethod.csproj", "{469E6D3A-7CC3-4FEB-B8DE-AFF39AB0C696}"
EndProject
Project("{FAE04EC0-301F-11D3-BF4B-00C04F79EFBC}") = "Strategy", "Strategy\Strategy.csproj", "{27805C95-F54A-4ECF-AD1D-373511EE40E3}"
EndProject
Project("{FAE04EC0-301F-11D3-BF4B-00C04F79EFBC}") = "State", "State\State.csproj", "{6412988F-013B-4111-BB98-2C03FD2B4FAC}"
EndProject
Project("{FAE04EC0-301F-11D3-BF4B-00C04F79EFBC}") = "Observer", "Observer\Observer.csproj", "{E79FE640-D0AC-41EE-A4B3-E85ED55B4EE7}"
EndProject
Project("{FAE04EC0-301F-11D3-BF4B-00C04F79EFBC}") = "Chain of Responsibility", "Chain of Responsibility\Chain of Responsibility.csproj", "{A67B2226-0F77-4E09-B70E-8AC0D4D0452F}"
EndProject
Project("{FAE04EC0-301F-11D3-BF4B-00C04F79EFBC}") = "Command", "ommand\Command.csproj", "{C2BFB5BD-F369-4CEA-B408-EA978A4F681C}"
EndProject
Project("{FAE04EC0-301F-11D3-BF4B-00C04F79EFBC}") = "Interpreter", "Interpreter\Interpreter.csproj", "{5B99C661-D1E0-4255-A074-0F302CA4B083}"
EndProject
Project("{FAE04EC0-301F-11D3-BF4B-00C04F79EFBC}") = "Iterator", "Iterator\Iterator.csproj", "{5ACDB671-0907-4014-AD4D-BCF4C0722C26}"
EndProject
Project("{FAE04EC0-301F-11D3-BF4B-00C04F79EFBC}") = "Facade", "Facade\Facade.csproj", "{662CA4B4-CB2C-4317-80C5-12E7C21AA41E}"
EndProject
Project("{FAE04EC0-301F-11D3-BF4B-00C04F79EFBC}") = "Bridge", "Bridge\Bridge.csproj", "{4AEAEAA7-8102-4174-A460-C566560EE244}"
EndProject
Project("{FAE04EC0-301F-11D3-BF4B-00C04F79EFBC}") = "Singleton", "Singleton\Singleton.csproj", "{511A2D7B-BCE4-4BC4-9E6D-74AE202F2007}"
EndProject
Project("{FAE04EC0-301F-11D3-BF4B-00C04F79EFBC}") = "Mediator", "Mediator\Mediator.csproj", "{030A59D5-FBDB-431F-AF3C-56E48A43FDE4}"
EndProject
Project("{FAE04EC0-301F-11D3-BF4B-00C04F79EFBC}") = "Memento", "Memento\Memento.csproj", "{47D1B1D2-A571-4632-9DB9-41BAEDE4867F}"
EndProject
Project("{FAE04EC0-301F-11D3-BF4B-00C04F79EFBC}") = "AbstractFactory", "AbstractFactory\AbstractFactory.csproj", "{7645A078-515F-4DC3-AC7B-779E42B16DB5}"
EndProject
Project("{FAE04EC0-301F-11D3-BF4B-00C04F79EFBC}") = "FactoryMethod", "FactoryMethod\FactoryMethod.csproj", "{3F8CCBF4-B4CD-49BD-ACBE-35B450C9AEE9}"
EndProject
Project("{FAE04EC0-301F-11D3-BF4B-00C04F79EFBC}") = "Builder", "Builder\Builder.csproj", "{DB4EC57C-C617-4386-BBB9-2AAD10C18748}"
EndProject
Project("{FAE04EC0-301F-11D3-BF4B-00C04F79EFBC}") = "Prototype", "Prototype\Prototype.csproj", "{661B16C7-4115-47D2-9F8C-AE4B00C4F427}"
EndProject
Project("{FAE04EC0-301F-11D3-BF4B-00C04F79EFBC}") = "Adapter", "Adapter\Adapter.csproj", "{DA2BB148-C5C1-4B0C-915A-F4AE23C24304}"
EndProject
Project("{FAE04EC0-301F-11D3-BF4B-00C04F79EFBC}") = "Composite", "Composite\Composite.csproj", "{CF1E0B4B-7F5A-4E46-810B-97F960F367A8}"
EndProject
Project("{FAE04EC0-301F-11D3-BF4B-00C04F79EFBC}") = "Decorator", "Decorator\Decorator.csproj", "{C3BC4AE5-BCCD-4343-8F34-577E7A429389}"
EndProject
Project("{FAE04EC0-301F-11D3-BF4B-00C04F79EFBC}") = "Flyweight", "Flyweight\Flyweight.csproj", "{EF1EF9FE-B63E-41ED-A2B5-98D049BB1245}"
EndProject
Project("{FAE04EC0-301F-11D3-BF4B-00C04F79EFBC}") = "Proxy", "Proxy\Proxy.csproj", "{D5003929-CC0C-4339-9A6E-36E392B9C1DE}"
EndProject
Global
	GlobalSection(SolutionConfigurationPlatforms) = preSolution
		Debug|Any CPU = Debug|Any CPU
		Release|Any CPU = Release|Any CPU
	EndGlobalSection
	GlobalSection(ProjectConfigurationPlatforms) = postSolution
		{CA362FCF-70EE-4CA0-9AE9-83CF432A8B1A}.Debug|Any CPU.ActiveCfg = Debug|Any CPU
		{CA362FCF-70EE-4CA0-9AE9-83CF432A8B1A}.Debug|Any CPU.Build.0 = Debug|Any CPU
		{CA362FCF-70EE-4CA0-9AE9-83CF432A8B1A}.Release|Any CPU.ActiveCfg = Release|Any CPU
		{CA362FCF-70EE-4CA0-9AE9-83CF432A8B1A}.Release|Any CPU.Build.0 = Release|Any CPU
		{469E6D3A-7CC3-4FEB-B8DE-AFF39AB0C696}.Debug|Any CPU.ActiveCfg = Debug|Any CPU
		{469E6D3A-7CC3-4FEB-B8DE-AFF39AB0C696}.Debug|Any CPU.Build.0 = Debug|Any CPU
		{469E6D3A-7CC3-4FEB-B8DE-AFF39AB0C696}.Release|Any CPU.ActiveCfg = Release|Any CPU
		{469E6D3A-7CC3-4FEB-B8DE-AFF39AB0C696}.Release|Any CPU.Build.0 = Release|Any CPU
		{27805C95-F54A-4ECF-AD1D-373511EE40E3}.Debug|Any CPU.ActiveCfg = Debug|Any CPU
		{27805C95-F54A-4ECF-AD1D-373511EE40E3}.Debug|Any CPU.Build.0 = Debug|Any CPU
		{27805C95-F54A-4ECF-AD1D-373511EE40E3}.Release|Any CPU.ActiveCfg = Release|Any CPU
		{27805C95-F54A-4ECF-AD1D-373511EE40E3}.Release|Any CPU.Build.0 = Release|Any CPU
		{6412988F-013B-4111-BB98-2C03FD2B4FAC}.Debug|Any CPU.ActiveCfg = Debug|Any CPU
		{6412988F-013B-4111-BB98-2C03FD2B4FAC}.Debug|Any CPU.Build.0 = Debug|Any CPU
		{6412988F-013B-4111-BB98-2C03FD2B4FAC}.Release|Any CPU.ActiveCfg = Release|Any CPU
		{6412988F-013B-4111-BB98-2C03FD2B4FAC}.Release|Any CPU.Build.0 = Release|Any CPU
		{E79FE640-D0AC-41EE-A4B3-E85ED55B4EE7}.Debug|Any CPU.ActiveCfg = Debug|Any CPU
		{E79FE640-D0AC-41EE-A4B3-E85ED55B4EE7}.Debug|Any CPU.Build.0 = Debug|Any CPU
		{E79FE640-D0AC-41EE-A4B3-E85ED55B4EE7}.Release|Any CPU.ActiveCfg = Release|Any CPU
		{E79FE640-D0AC-41EE-A4B3-E85ED55B4EE7}.Release|Any CPU.Build.0 = Release|Any CPU
		{A67B2226-0F77-4E09-B70E-8AC0D4D0452F}.Debug|Any CPU.ActiveCfg = Debug|Any CPU
		{A67B2226-0F77-4E09-B70E-8AC0D4D0452F}.Debug|Any CPU.Build.0 = Debug|Any CPU
		{A67B2226-0F77-4E09-B70E-8AC0D4D0452F}.Release|Any CPU.ActiveCfg = Release|Any CPU
		{A67B2226-0F77-4E09-B70E-8AC0D4D0452F}.Release|Any CPU.Build.0 = Release|Any CPU
		{C2BFB5BD-F369-4CEA-B408-EA978A4F681C}.Debug|Any CPU.ActiveCfg = Debug|Any CPU
		{C2BFB5BD-F369-4CEA-B408-EA978A4F681C}.Debug|Any CPU.Build.0 = Debug|Any CPU
		{C2BFB5BD-F369-4CEA-B408-EA978A4F681C}.Release|Any CPU.ActiveCfg = Release|Any CPU
		{C2BFB5BD-F369-4CEA-B408-EA978A4F681C}.Release|Any CPU.Build.0 = Release|Any CPU
		{5B99C661-D1E0-4255-A074-0F302CA4B083}.Debug|Any CPU.ActiveCfg = Debug|Any CPU
		{5B99C661-D1E0-4255-A074-0F302CA4B083}.Debug|Any CPU.Build.0 = Debug|Any CPU
		{5B99C661-D1E0-4255-A074-0F302CA4B083}.Release|Any CPU.ActiveCfg = Release|Any CPU
		{5B99C661-D1E0-4255-A074-0F302CA4B083}.Release|Any CPU.Build.0 = Release|Any CPU
		{5ACDB671-0907-4014-AD4D-BCF4C0722C26}.Debug|Any CPU.ActiveCfg = Debug|Any CPU
		{5ACDB671-0907-4014-AD4D-BCF4C0722C26}.Debug|Any CPU.Build.0 = Debug|Any CPU
		{5ACDB671-0907-4014-AD4D-BCF4C0722C26}.Release|Any CPU.ActiveCfg = Release|Any CPU
		{5ACDB671-0907-4014-AD4D-BCF4C0722C26}.Release|Any CPU.Build.0 = Release|Any CPU
		{662CA4B4-CB2C-4317-80C5-12E7C21AA41E}.Debug|Any CPU.ActiveCfg = Debug|Any CPU
		{662CA4B4-CB2C-4317-80C5-12E7C21AA41E}.Debug|Any CPU.Build.0 = Debug|Any CPU
		{662CA4B4-CB2C-4317-80C5-12E7C21AA41E}.Release|Any CPU.ActiveCfg = Release|Any CPU
		{662CA4B4-CB2C-4317-80C5-12E7C21AA41E}.Release|Any CPU.Build.0 = Release|Any CPU
		{4AEAEAA7-8102-4174-A460-C566560EE244}.Debug|Any CPU.ActiveCfg = Debug|Any CPU
		{4AEAEAA7-8102-4174-A460-C566560EE244}.Debug|Any CPU.Build.0 = Debug|Any CPU
		{4AEAEAA7-8102-4174-A460-C566560EE244}.Release|Any CPU.ActiveCfg = Release|Any CPU
		{4AEAEAA7-8102-4174-A460-C566560EE244}.Release|Any CPU.Build.0 = Release|Any CPU
		{511A2D7B-BCE4-4BC4-9E6D-74AE202F2007}.Debug|Any CPU.ActiveCfg = Debug|Any CPU
		{511A2D7B-BCE4-4BC4-9E6D-74AE202F2007}.Debug|Any CPU.Build.0 = Debug|Any CPU
		{511A2D7B-BCE4-4BC4-9E6D-74AE202F2007}.Release|Any CPU.ActiveCfg = Release|Any CPU
		{511A2D7B-BCE4-4BC4-9E6D-74AE202F2007}.Release|Any CPU.Build.0 = Release|Any CPU
		{030A59D5-FBDB-431F-AF3C-56E48A43FDE4}.Debug|Any CPU.ActiveCfg = Debug|Any CPU
		{030A59D5-FBDB-431F-AF3C-56E48A43FDE4}.Debug|Any CPU.Build.0 = Debug|Any CPU
		{030A59D5-FBDB-431F-AF3C-56E48A43FDE4}.Release|Any CPU.ActiveCfg = Release|Any CPU
		{030A59D5-FBDB-431F-AF3C-56E48A43FDE4}.Release|Any CPU.Build.0 = Release|Any CPU
		{47D1B1D2-A571-4632-9DB9-41BAEDE4867F}.Debug|Any CPU.ActiveCfg = Debug|Any CPU
		{47D1B1D2-A571-4632-9DB9-41BAEDE4867F}.Debug|Any CPU.Build.0 = Debug|Any CPU
		{47D1B1D2-A571-4632-9DB9-41BAEDE4867F}.Release|Any CPU.ActiveCfg = Release|Any CPU
		{47D1B1D2-A571-4632-9DB9-41BAEDE4867F}.Release|Any CPU.Build.0 = Release|Any CPU
		{7645A078-515F-4DC3-AC7B-779E42B16DB5}.Debug|Any CPU.ActiveCfg = Debug|Any CPU
		{7645A078-515F-4DC3-AC7B-779E42B16DB5}.Debug|Any CPU.Build.0 = Debug|Any CPU
		{7645A078-515F-4DC3-AC7B-779E42B16DB5}.Release|Any CPU.ActiveCfg = Release|Any CPU
		{7645A078-515F-4DC3-AC7B-779E42B16DB5}.Release|Any CPU.Build.0 = Release|Any CPU
		{3F8CCBF4-B4CD-49BD-ACBE-35B450C9AEE9}.Debug|Any CPU.ActiveCfg = Debug|Any CPU
		{3F8CCBF4-B4CD-49BD-ACBE-35B450C9AEE9}.Debug|Any CPU.Build.0 = Debug|Any CPU
		{3F8CCBF4-B4CD-49BD-ACBE-35B450C9AEE9}.Release|Any CPU.ActiveCfg = Release|Any CPU
		{3F8CCBF4-B4CD-49BD-ACBE-35B450C9AEE9}.Release|Any CPU.Build.0 = Release|Any CPU
		{DB4EC57C-C617-4386-BBB9-2AAD10C18748}.Debug|Any CPU.ActiveCfg = Debug|Any CPU
		{DB4EC57C-C617-4386-BBB9-2AAD10C18748}.Debug|Any CPU.Build.0 = Debug|Any CPU
		{DB4EC57C-C617-4386-BBB9-2AAD10C18748}.Release|Any CPU.ActiveCfg = Release|Any CPU
		{DB4EC57C-C617-4386-BBB9-2AAD10C18748}.Release|Any CPU.Build.0 = Release|Any CPU
		{661B16C7-4115-47D2-9F8C-AE4B00C4F427}.Debug|Any CPU.ActiveCfg = Debug|Any CPU
		{661B16C7-4115-47D2-9F8C-AE4B00C4F427}.Debug|Any CPU.Build.0 = Debug|Any CPU
		{661B16C7-4115-47D2-9F8C-AE4B00C4F427}.Release|Any CPU.ActiveCfg = Release|Any CPU
		{661B16C7-4115-47D2-9F8C-AE4B00C4F427}.Release|Any CPU.Build.0 = Release|Any CPU
		{DA2BB148-C5C1-4B0C-915A-F4AE23C24304}.Debug|Any CPU.ActiveCfg = Debug|Any CPU
		{DA2BB148-C5C1-4B0C-915A-F4AE23C24304}.Debug|Any CPU.Build.0 = Debug|Any CPU
		{DA2BB148-C5C1-4B0C-915A-F4AE23C24304}.Release|Any CPU.ActiveCfg = Release|Any CPU
		{DA2BB148-C5C1-4B0C-915A-F4AE23C24304}.Release|Any CPU.Build.0 = Release|Any CPU
		{CF1E0B4B-7F5A-4E46-810B-97F960F367A8}.Debug|Any CPU.ActiveCfg = Debug|Any CPU
		{CF1E0B4B-7F5A-4E46-810B-97F960F367A8}.Debug|Any CPU.Build.0 = Debug|Any CPU
		{CF1E0B4B-7F5A-4E46-810B-97F960F367A8}.Release|Any CPU.ActiveCfg = Release|Any CPU
		{CF1E0B4B-7F5A-4E46-810B-97F960F367A8}.Release|Any CPU.Build.0 = Release|Any CPU
		{C3BC4AE5-BCCD-4343-8F34-577E7A429389}.Debug|Any CPU.ActiveCfg = Debug|Any CPU
		{C3BC4AE5-BCCD-4343-8F34-577E7A429389}.Debug|Any CPU.Build.0 = Debug|Any CPU
		{C3BC4AE5-BCCD-4343-8F34-577E7A429389}.Release|Any CPU.ActiveCfg = Release|Any CPU
		{C3BC4AE5-BCCD-4343-8F34-577E7A429389}.Release|Any CPU.Build.0 = Release|Any CPU
		{EF1EF9FE-B63E-41ED-A2B5-98D049BB1245}.Debug|Any CPU.ActiveCfg = Debug|Any CPU
		{EF1EF9FE-B63E-41ED-A2B5-98D049BB1245}.Debug|Any CPU.Build.0 = Debug|Any CPU
		{EF1EF9FE-B63E-41ED-A2B5-98D049BB1245}.Release|Any CPU.ActiveCfg = Release|Any CPU
		{EF1EF9FE-B63E-41ED-A2B5-98D049BB1245}.Release|Any CPU.Build.0 = Release|Any CPU
		{D5003929-CC0C-4339-9A6E-36E392B9C1DE}.Debug|Any CPU.ActiveCfg = Debug|Any CPU
		{D5003929-CC0C-4339-9A6E-36E392B9C1DE}.Debug|Any CPU.Build.0 = Debug|Any CPU
		{D5003929-CC0C-4339-9A6E-36E392B9C1DE}.Release|Any CPU.ActiveCfg = Release|Any CPU
		{D5003929-CC0C-4339-9A6E-36E392B9C1DE}.Release|Any CPU.Build.0 = Release|Any CPU
	EndGlobalSection
	GlobalSection(SolutionProperties) = preSolution
		HideSolutionNode = FALSE
	EndGlobalSection
	GlobalSection(NestedProjects) = preSolution
		{CA362FCF-70EE-4CA0-9AE9-83CF432A8B1A} = {72380AAC-F8F9-457A-8107-DE9151AC072E}
		{469E6D3A-7CC3-4FEB-B8DE-AFF39AB0C696} = {72380AAC-F8F9-457A-8107-DE9151AC072E}
		{27805C95-F54A-4ECF-AD1D-373511EE40E3} = {72380AAC-F8F9-457A-8107-DE9151AC072E}
		{6412988F-013B-4111-BB98-2C03FD2B4FAC} = {72380AAC-F8F9-457A-8107-DE9151AC072E}
		{E79FE640-D0AC-41EE-A4B3-E85ED55B4EE7} = {72380AAC-F8F9-457A-8107-DE9151AC072E}
		{A67B2226-0F77-4E09-B70E-8AC0D4D0452F} = {72380AAC-F8F9-457A-8107-DE9151AC072E}
		{C2BFB5BD-F369-4CEA-B408-EA978A4F681C} = {72380AAC-F8F9-457A-8107-DE9151AC072E}
		{5B99C661-D1E0-4255-A074-0F302CA4B083} = {72380AAC-F8F9-457A-8107-DE9151AC072E}
		{5ACDB671-0907-4014-AD4D-BCF4C0722C26} = {72380AAC-F8F9-457A-8107-DE9151AC072E}
		{662CA4B4-CB2C-4317-80C5-12E7C21AA41E} = {80802146-6077-4D73-B868-E2616E9DFF36}
		{4AEAEAA7-8102-4174-A460-C566560EE244} = {80802146-6077-4D73-B868-E2616E9DFF36}
		{511A2D7B-BCE4-4BC4-9E6D-74AE202F2007} = {8E5B5B6E-BCB2-4269-A535-9D5161451E15}
		{030A59D5-FBDB-431F-AF3C-56E48A43FDE4} = {72380AAC-F8F9-457A-8107-DE9151AC072E}
		{47D1B1D2-A571-4632-9DB9-41BAEDE4867F} = {72380AAC-F8F9-457A-8107-DE9151AC072E}
		{7645A078-515F-4DC3-AC7B-779E42B16DB5} = {8E5B5B6E-BCB2-4269-A535-9D5161451E15}
		{3F8CCBF4-B4CD-49BD-ACBE-35B450C9AEE9} = {8E5B5B6E-BCB2-4269-A535-9D5161451E15}
		{DB4EC57C-C617-4386-BBB9-2AAD10C18748} = {8E5B5B6E-BCB2-4269-A535-9D5161451E15}
		{661B16C7-4115-47D2-9F8C-AE4B00C4F427} = {8E5B5B6E-BCB2-4269-A535-9D5161451E15}
		{DA2BB148-C5C1-4B0C-915A-F4AE23C24304} = {80802146-6077-4D73-B868-E2616E9DFF36}
		{CF1E0B4B-7F5A-4E46-810B-97F960F367A8} = {80802146-6077-4D73-B868-E2616E9DFF36}
		{C3BC4AE5-BCCD-4343-8F34-577E7A429389} = {80802146-6077-4D73-B868-E2616E9DFF36}
		{EF1EF9FE-B63E-41ED-A2B5-98D049BB1245} = {80802146-6077-4D73-B868-E2616E9DFF36}
		{D5003929-CC0C-4339-9A6E-36E392B9C1DE} = {80802146-6077-4D73-B868-E2616E9DFF36}
	EndGlobalSection
EndGlobal
